{
  "name": "ajs-3.2",
  "version": "1.0.0",
  "lockfileVersion": 1,
  "requires": true,
  "dependencies": {
    "@olyas94/ajs-3.1": {
      "version": "1.0.0",
      "resolved": "https://npm.pkg.github.com/download/@olyas94/ajs-3.1/1.0.0/d2df79597aea8a44e912416739f11a87764c512d2a286a28c35c75c55e444c3b",
      "integrity": "sha512-3VZ5UfCHfycEbNm7wELLdqA8fqUSyPbgbX5c9F6N/rQ/Wgo9Es70HLXKk9oTQ/7dK6hvJ82yM5O9z3krrge0ow=="
    }
  }
}
